github.com/bcowtech/arg v0.1.0 h1:ze6F3FBmXGM8ujWpj0DYLoUVGuZEooRTQAM6nllhk04=
github.com/bcowtech/arg v0.1.0/go.mod h1:g/0jwjmGtotGp3xkPFnSx7hyjm69usUyzjdbenvPoBc=
github.com/bcowtech/structproto v0.1.0 h1:bw5OIBI6Jhu+J518km2zy0EuDpjLf+dcgUyCPS7L35Y=
github.com/bcowtech/structproto v0.1.0/go.mod h1:CvSLrBUwPAKwj2Eqrbyx5rNK6Lrl+lhUGedf4VKxZI8=
github.com/cstockton/go-conv v0.0.0-20170524002450-66a2b2ba36e1 h1:h4OgDocdYHGiUh+zUEe4nFlb9ShoHUllqDefGaRoZFg=
github.com/cstockton/go-conv v0.0.0-20170524002450-66a2b2ba36e1/go.mod h1:MBKpQ5HV5wcT/nQYoEqjSMiXwxPouaReOs2f4kj70SQ=
